
Microsoft Visual Studio Solution File, Format Version 12.00
# Visual Studio Version 17
VisualStudioVersion = 17.3.32825.248
MinimumVisualStudioVersion = 10.0.40219.1
Project("{9A19103F-16F7-4668-BE54-9A1E7A4F7556}") = "XUnit_Acceptanstesting_Labb7", "XUnit_Acceptanstesting_Labb7\XUnit_Acceptanstesting_Labb7.csproj", "{A0E3039D-3FCC-4C2E-8724-752043DA8C4B}"
EndProject
Project("{FAE04EC0-301F-11D3-BF4B-00C04F79EFBC}") = "XUnit_Acceptanstesting_Labb7_XUnitTesting", "XUnit_Acceptanstesting_Labb7_XUnitTesting\XUnit_Acceptanstesting_Labb7_XUnitTesting.csproj", "{0FA53C53-DF73-4EEC-80D0-490E7309EF01}"
EndProject
Global
	GlobalSection(SolutionConfigurationPlatforms) = preSolution
		Debug|Any CPU = Debug|Any CPU
		Release|Any CPU = Release|Any CPU
	EndGlobalSection
	GlobalSection(ProjectConfigurationPlatforms) = postSolution
		{A0E3039D-3FCC-4C2E-8724-752043DA8C4B}.Debug|Any CPU.ActiveCfg = Debug|Any CPU
		{A0E3039D-3FCC-4C2E-8724-752043DA8C4B}.Debug|Any CPU.Build.0 = Debug|Any CPU
		{A0E3039D-3FCC-4C2E-8724-752043DA8C4B}.Release|Any CPU.ActiveCfg = Release|Any CPU
		{A0E3039D-3FCC-4C2E-8724-752043DA8C4B}.Release|Any CPU.Build.0 = Release|Any CPU
		{0FA53C53-DF73-4EEC-80D0-490E7309EF01}.Debug|Any CPU.ActiveCfg = Debug|Any CPU
		{0FA53C53-DF73-4EEC-80D0-490E7309EF01}.Debug|Any CPU.Build.0 = Debug|Any CPU
		{0FA53C53-DF73-4EEC-80D0-490E7309EF01}.Release|Any CPU.ActiveCfg = Release|Any CPU
		{0FA53C53-DF73-4EEC-80D0-490E7309EF01}.Release|Any CPU.Build.0 = Release|Any CPU
	EndGlobalSection
	GlobalSection(SolutionProperties) = preSolution
		HideSolutionNode = FALSE
	EndGlobalSection
	GlobalSection(ExtensibilityGlobals) = postSolution
		SolutionGuid = {D7B83BE4-5F76-4175-BE11-CFCA88F3D036}
	EndGlobalSection
EndGlobal
